
Microsoft Visual Studio Solution File, Format Version 11.00
# Visual Studio 2010
Project("{FAE04EC0-301F-11D3-BF4B-00C04F79EFBC}") = "HousingConditionWebApp", "HousingConditionWebApp\HousingConditionWebApp.csproj", "{634CE84B-A1A4-4C49-BFCE-28E1FC10D143}"
EndProject
Project("{FAE04EC0-301F-11D3-BF4B-00C04F79EFBC}") = "HousingConditionWebApp.Tests", "HousingConditionWebApp.Tests\HousingConditionWebApp.Tests.csproj", "{DC4AB55D-F65D-4A2A-8492-CB28F06885D1}"
EndProject
Project("{CC5FD16D-436D-48AD-A40C-5A424C6E3E79}") = "HousingConditionWebApp.Azure", "HousingConditionWebApp.Azure\HousingConditionWebApp.Azure.ccproj", "{C2246C66-8340-412F-B628-AE67FF0A2CE3}"
EndProject
Global
	GlobalSection(SolutionConfigurationPlatforms) = preSolution
		Debug|Any CPU = Debug|Any CPU
		Release|Any CPU = Release|Any CPU
	EndGlobalSection
	GlobalSection(ProjectConfigurationPlatforms) = postSolution
		{634CE84B-A1A4-4C49-BFCE-28E1FC10D143}.Debug|Any CPU.ActiveCfg = Debug|Any CPU
		{634CE84B-A1A4-4C49-BFCE-28E1FC10D143}.Debug|Any CPU.Build.0 = Debug|Any CPU
		{634CE84B-A1A4-4C49-BFCE-28E1FC10D143}.Release|Any CPU.ActiveCfg = Release|Any CPU
		{634CE84B-A1A4-4C49-BFCE-28E1FC10D143}.Release|Any CPU.Build.0 = Release|Any CPU
		{DC4AB55D-F65D-4A2A-8492-CB28F06885D1}.Debug|Any CPU.ActiveCfg = Debug|Any CPU
		{DC4AB55D-F65D-4A2A-8492-CB28F06885D1}.Debug|Any CPU.Build.0 = Debug|Any CPU
		{DC4AB55D-F65D-4A2A-8492-CB28F06885D1}.Release|Any CPU.ActiveCfg = Release|Any CPU
		{DC4AB55D-F65D-4A2A-8492-CB28F06885D1}.Release|Any CPU.Build.0 = Release|Any CPU
		{C2246C66-8340-412F-B628-AE67FF0A2CE3}.Debug|Any CPU.ActiveCfg = Debug|Any CPU
		{C2246C66-8340-412F-B628-AE67FF0A2CE3}.Debug|Any CPU.Build.0 = Debug|Any CPU
		{C2246C66-8340-412F-B628-AE67FF0A2CE3}.Release|Any CPU.ActiveCfg = Release|Any CPU
		{C2246C66-8340-412F-B628-AE67FF0A2CE3}.Release|Any CPU.Build.0 = Release|Any CPU
	EndGlobalSection
	GlobalSection(SolutionProperties) = preSolution
		HideSolutionNode = FALSE
	EndGlobalSection
EndGlobal
